
Microsoft Visual Studio Solution File, Format Version 12.00
# Visual Studio Version 17
VisualStudioVersion = 17.3.32804.467
MinimumVisualStudioVersion = 10.0.40219.1
Project("{FAE04EC0-301F-11D3-BF4B-00C04F79EFBC}") = "NewTerminal", "NewTerminal\NewTerminal.csproj", "{106740A5-5D53-496B-8F07-6ACC35A41090}"
EndProject
Global
	GlobalSection(SolutionConfigurationPlatforms) = preSolution
		Debug|Any CPU = Debug|Any CPU
		Release|Any CPU = Release|Any CPU
	EndGlobalSection
	GlobalSection(ProjectConfigurationPlatforms) = postSolution
		{106740A5-5D53-496B-8F07-6ACC35A41090}.Debug|Any CPU.ActiveCfg = Debug|Any CPU
		{106740A5-5D53-496B-8F07-6ACC35A41090}.Debug|Any CPU.Build.0 = Debug|Any CPU
		{106740A5-5D53-496B-8F07-6ACC35A41090}.Release|Any CPU.ActiveCfg = Release|Any CPU
		{106740A5-5D53-496B-8F07-6ACC35A41090}.Release|Any CPU.Build.0 = Release|Any CPU
	EndGlobalSection
	GlobalSection(SolutionProperties) = preSolution
		HideSolutionNode = FALSE
	EndGlobalSection
	GlobalSection(ExtensibilityGlobals) = postSolution
		SolutionGuid = {584DF7B6-C6D2-4236-889C-0CCAB22641A2}
	EndGlobalSection
EndGlobal
